{
    "name": "rnuilibsnippets",
    "version": "1.0.0",
    "lockfileVersion": 1,
    "requires": true,
    "dependencies": {
        "abs-svg-path": {
            "version": "0.1.1",
            "resolved": "https://repo.dev.wixpress.com/artifactory/api/npm/npm-repos/abs-svg-path/-/abs-svg-path-0.1.1.tgz",
            "integrity": "sha1-32Acjo0roQ1KdtYl4japo5wnI78="
        },
        "array-back": {
            "version": "1.0.4",
            "resolved": "https://repo.dev.wixpress.com/artifactory/api/npm/npm-repos/array-back/-/array-back-1.0.4.tgz",
            "integrity": "sha1-ZEun8JX3/898Q7Xw3DnTwfA8Bjs=",
            "requires": {
                "typical": "^2.6.0"
            }
        },
        "babel-plugin-transform-inline-environment-variables": {
            "version": "0.0.2",
            "resolved": "https://repo.dev.wixpress.com/artifactory/api/npm/npm-repos/babel-plugin-transform-inline-environment-variables/-/babel-plugin-transform-inline-environment-variables-0.0.2.tgz",
            "integrity": "sha1-E3JHXGyH88TOYEZYdzDuBBvHhLk="
        },
        "bower": {
            "version": "1.8.13",
            "resolved": "https://repo.dev.wixpress.com/artifactory/api/npm/npm-repos/bower/-/bower-1.8.13.tgz",
            "integrity": "sha1-WJLzkfRxNNuI6pPUyRox8JeS3Fg="
        },
        "bower-auto-release": {
            "version": "1.1.358",
            "resolved": "https://repo.dev.wixpress.com/artifactory/api/npm/npm-repos/bower-auto-release/-/bower-auto-release-1.1.358.tgz",
            "integrity": "sha1-V4+M49wvYvC1Q4CBQmb/hxd3W8E=",
            "requires": {
                "bower": "^1.7.9",
                "command-line-args": "^3.0.0",
                "wnpm-ci": "*"
            }
        },
        "color": {
            "version": "3.2.1",
            "resolved": "https://repo.dev.wixpress.com/artifactory/api/npm/npm-repos/color/-/color-3.2.1.tgz",
            "integrity": "sha1-NUTcGYyvRJDD7MmnkLVP6f9F4WQ=",
            "requires": {
                "color-convert": "^1.9.3",
                "color-string": "^1.6.0"
            }
        },
        "color-convert": {
            "version": "1.9.3",
            "resolved": "https://repo.dev.wixpress.com/artifactory/api/npm/npm-repos/color-convert/-/color-convert-1.9.3.tgz",
            "integrity": "sha1-u3GFBpDh8TZWfeYp0tVHHe2kweg=",
            "requires": {
                "color-name": "1.1.3"
            }
        },
        "color-name": {
            "version": "1.1.3",
            "resolved": "https://repo.dev.wixpress.com/artifactory/api/npm/npm-repos/color-name/-/color-name-1.1.3.tgz",
            "integrity": "sha1-p9BVi9icQveV3UIyj3QIMcpTvCU="
        },
        "color-string": {
            "version": "1.9.0",
            "resolved": "https://repo.dev.wixpress.com/artifactory/api/npm/npm-repos/color-string/-/color-string-1.9.0.tgz",
            "integrity": "sha1-Y7br0b7BGZnR3zp5p1aUUawr6Ko=",
            "requires": {
                "color-name": "^1.0.0",
                "simple-swizzle": "^0.2.2"
            }
        },
        "command-line-args": {
            "version": "3.0.5",
            "resolved": "https://repo.dev.wixpress.com/artifactory/api/npm/npm-repos/command-line-args/-/command-line-args-3.0.5.tgz",
            "integrity": "sha1-W9StReeYPlwTRJGOQCgO4mk8WsA=",
            "requires": {
                "array-back": "^1.0.4",
                "feature-detect-es6": "^1.3.1",
                "find-replace": "^1.0.2",
                "typical": "^2.6.0"
            }
        },
        "commons-validator-js": {
            "version": "1.0.1668",
            "resolved": "https://repo.dev.wixpress.com/artifactory/api/npm/npm-repos/commons-validator-js/-/commons-validator-js-1.0.1668.tgz",
            "integrity": "sha1-iwDRwoeAhM1JXgrCnXNWfzNncpU=",
            "requires": {
                "bower-auto-release": "^1.1.358",
                "lodash.includes": "^4.3.0",
                "punycode": "^1.4.1",
                "wnpm-ci": "^8.0.131"
            }
        },
        "cross-spawn": {
            "version": "7.0.3",
            "resolved": "https://repo.dev.wixpress.com/artifactory/api/npm/npm-repos/cross-spawn/-/cross-spawn-7.0.3.tgz",
            "integrity": "sha1-9zqFudXUHQRVUcF34ogtSshXKKY=",
            "requires": {
                "path-key": "^3.1.0",
                "shebang-command": "^2.0.0",
                "which": "^2.0.1"
            }
        },
        "end-of-stream": {
            "version": "1.4.4",
            "resolved": "https://repo.dev.wixpress.com/artifactory/api/npm/npm-repos/end-of-stream/-/end-of-stream-1.4.4.tgz",
            "integrity": "sha1-WuZKX0UFe682JuwU2gyl5LJDHrA=",
            "requires": {
                "once": "^1.4.0"
            }
        },
        "execa": {
            "version": "2.1.0",
            "resolved": "https://repo.dev.wixpress.com/artifactory/api/npm/npm-repos/execa/-/execa-2.1.0.tgz",
            "integrity": "sha1-5dPs2DfSpg7FDz2nj9OXZ3R7vpk=",
            "requires": {
                "cross-spawn": "^7.0.0",
                "get-stream": "^5.0.0",
                "is-stream": "^2.0.0",
                "merge-stream": "^2.0.0",
                "npm-run-path": "^3.0.0",
                "onetime": "^5.1.0",
                "p-finally": "^2.0.0",
                "signal-exit": "^3.0.2",
                "strip-final-newline": "^2.0.0"
            }
        },
        "feature-detect-es6": {
            "version": "1.5.0",
            "resolved": "https://repo.dev.wixpress.com/artifactory/api/npm/npm-repos/feature-detect-es6/-/feature-detect-es6-1.5.0.tgz",
            "integrity": "sha1-ppu3Zixl9k+J8H6sWkYbZJoeCgA=",
            "requires": {
                "array-back": "^1.0.4"
            }
        },
        "find-replace": {
            "version": "1.0.3",
            "resolved": "https://repo.dev.wixpress.com/artifactory/api/npm/npm-repos/find-replace/-/find-replace-1.0.3.tgz",
            "integrity": "sha1-uI5zZNLZyVlVnziMZmcNYTBEH6A=",
            "requires": {
                "array-back": "^1.0.4",
                "test-value": "^2.1.0"
            }
        },
        "fs-extra": {
            "version": "8.1.0",
            "resolved": "https://repo.dev.wixpress.com/artifactory/api/npm/npm-repos/fs-extra/-/fs-extra-8.1.0.tgz",
            "integrity": "sha1-SdQ8RaiM2Wd2aMt74bRu/bjS4cA=",
            "requires": {
                "graceful-fs": "^4.2.0",
                "jsonfile": "^4.0.0",
                "universalify": "^0.1.0"
            }
        },
        "get-stream": {
            "version": "5.2.0",
            "resolved": "https://repo.dev.wixpress.com/artifactory/api/npm/npm-repos/get-stream/-/get-stream-5.2.0.tgz",
            "integrity": "sha1-SWaheV7lrOZecGxLe+txJX1uItM=",
            "requires": {
                "pump": "^3.0.0"
            }
        },
        "graceful-fs": {
            "version": "4.2.9",
            "resolved": "https://repo.dev.wixpress.com/artifactory/api/npm/npm-repos/graceful-fs/-/graceful-fs-4.2.9.tgz",
            "integrity": "sha1-BBsF30V1Xlh6JJQiebnRExRuHJY="
        },
        "hoist-non-react-statics": {
            "version": "3.3.2",
            "resolved": "https://repo.dev.wixpress.com/artifactory/api/npm/npm-repos/hoist-non-react-statics/-/hoist-non-react-statics-3.3.2.tgz",
            "integrity": "sha1-7OCsr3HWLClpwuxZ/v9CpLGoW0U=",
            "requires": {
                "react-is": "^16.7.0"
            }
        },
        "is-arrayish": {
            "version": "0.3.2",
            "resolved": "https://repo.dev.wixpress.com/artifactory/api/npm/npm-repos/is-arrayish/-/is-arrayish-0.3.2.tgz",
            "integrity": "sha1-RXSirlb3qyBolvtDHq7tBm/fjwM="
        },
        "is-stream": {
            "version": "2.0.1",
            "resolved": "https://repo.dev.wixpress.com/artifactory/api/npm/npm-repos/is-stream/-/is-stream-2.0.1.tgz",
            "integrity": "sha1-+sHj1TuXrVqdCunO8jifWBClwHc="
        },
        "isexe": {
            "version": "2.0.0",
            "resolved": "https://repo.dev.wixpress.com/artifactory/api/npm/npm-repos/isexe/-/isexe-2.0.0.tgz",
            "integrity": "sha1-6PvzdNxVb/iUehDcsFctYz8s+hA="
        },
        "js-tokens": {
            "version": "4.0.0",
            "resolved": "https://repo.dev.wixpress.com/artifactory/api/npm/npm-repos/js-tokens/-/js-tokens-4.0.0.tgz",
            "integrity": "sha1-GSA/tZmR35jjoocFDUZHzerzJJk="
        },
        "jsonfile": {
            "version": "4.0.0",
            "resolved": "https://repo.dev.wixpress.com/artifactory/api/npm/npm-repos/jsonfile/-/jsonfile-4.0.0.tgz",
            "integrity": "sha1-h3Gq4HmbZAdrdmQPygWPnBDjPss=",
            "requires": {
                "graceful-fs": "^4.1.6"
            }
        },
        "lodash": {
            "version": "4.17.21",
            "resolved": "https://repo.dev.wixpress.com/artifactory/api/npm/npm-repos/lodash/-/lodash-4.17.21.tgz",
            "integrity": "sha1-Z5WRxWTDv/quhFTPCz3zcMPWkRw="
        },
        "lodash.includes": {
            "version": "4.3.0",
            "resolved": "https://repo.dev.wixpress.com/artifactory/api/npm/npm-repos/lodash.includes/-/lodash.includes-4.3.0.tgz",
            "integrity": "sha1-YLuYqHy5I8aMoeUTJUgzFISfVT8="
        },
        "loose-envify": {
            "version": "1.4.0",
            "resolved": "https://repo.dev.wixpress.com/artifactory/api/npm/npm-repos/loose-envify/-/loose-envify-1.4.0.tgz",
            "integrity": "sha1-ce5R+nvkyuwaY4OffmgtgTLTDK8=",
            "requires": {
                "js-tokens": "^3.0.0 || ^4.0.0"
            }
        },
        "memoize-one": {
            "version": "5.2.1",
            "resolved": "https://repo.dev.wixpress.com/artifactory/api/npm/npm-repos/memoize-one/-/memoize-one-5.2.1.tgz",
            "integrity": "sha1-gzeqPEM1WBg57AHD1ZQJDOvo8A4="
        },
        "merge-stream": {
            "version": "2.0.0",
            "resolved": "https://repo.dev.wixpress.com/artifactory/api/npm/npm-repos/merge-stream/-/merge-stream-2.0.0.tgz",
            "integrity": "sha1-UoI2KaFN0AyXcPtq1H3GMQ8sH2A="
        },
        "mimic-fn": {
            "version": "2.1.0",
            "resolved": "https://repo.dev.wixpress.com/artifactory/api/npm/npm-repos/mimic-fn/-/mimic-fn-2.1.0.tgz",
            "integrity": "sha1-ftLCzMyvhNP/y3pptXcR/CCDQBs="
        },
        "minimist": {
            "version": "1.2.5",
            "resolved": "https://repo.dev.wixpress.com/artifactory/api/npm/npm-repos/minimist/-/minimist-1.2.5.tgz",
            "integrity": "sha1-Z9ZgFLZqaoqqDAg8X9WN9OTpdgI="
        },
        "mkdirp": {
            "version": "0.5.5",
            "resolved": "https://repo.dev.wixpress.com/artifactory/api/npm/npm-repos/mkdirp/-/mkdirp-0.5.5.tgz",
            "integrity": "sha1-2Rzv1i0UNsoPQWIOJRKI1CAJne8=",
            "requires": {
                "minimist": "^1.2.5"
            }
        },
        "moment": {
            "version": "2.29.1",
            "resolved": "https://repo.dev.wixpress.com/artifactory/api/npm/npm-repos/moment/-/moment-2.29.1.tgz",
            "integrity": "sha1-sr52n6MZQL6e7qZGnAdeNQBvo9M="
        },
        "normalize-svg-path": {
            "version": "1.1.0",
            "resolved": "https://repo.dev.wixpress.com/artifactory/api/npm/npm-repos/normalize-svg-path/-/normalize-svg-path-1.1.0.tgz",
            "integrity": "sha1-DmFOyiPDnwz/6CHWvmzRflaadmw=",
            "requires": {
                "svg-arc-to-cubic-bezier": "^3.0.0"
            }
        },
        "npm-run-path": {
            "version": "3.1.0",
            "resolved": "https://repo.dev.wixpress.com/artifactory/api/npm/npm-repos/npm-run-path/-/npm-run-path-3.1.0.tgz",
            "integrity": "sha1-f5G+MX9qRm7+08nymArYpO6LD6U=",
            "requires": {
                "path-key": "^3.0.0"
            }
        },
        "object-assign": {
            "version": "4.1.1",
            "resolved": "https://repo.dev.wixpress.com/artifactory/api/npm/npm-repos/object-assign/-/object-assign-4.1.1.tgz",
            "integrity": "sha1-IQmtx5ZYh8/AXLvUQsrIv7s2CGM="
        },
        "once": {
            "version": "1.4.0",
            "resolved": "https://repo.dev.wixpress.com/artifactory/api/npm/npm-repos/once/-/once-1.4.0.tgz",
            "integrity": "sha1-WDsap3WWHUsROsF9nFC6753Xa9E=",
            "requires": {
                "wrappy": "1"
            }
        },
        "onetime": {
            "version": "5.1.2",
            "resolved": "https://repo.dev.wixpress.com/artifactory/api/npm/npm-repos/onetime/-/onetime-5.1.2.tgz",
            "integrity": "sha1-0Oluu1awdHbfHdnEgG5SN5hcpF4=",
            "requires": {
                "mimic-fn": "^2.1.0"
            }
        },
        "os-tmpdir": {
            "version": "1.0.2",
            "resolved": "https://repo.dev.wixpress.com/artifactory/api/npm/npm-repos/os-tmpdir/-/os-tmpdir-1.0.2.tgz",
            "integrity": "sha1-u+Z0BseaqFxc/sdm/lc0VV36EnQ="
        },
        "p-finally": {
            "version": "2.0.1",
            "resolved": "https://repo.dev.wixpress.com/artifactory/api/npm/npm-repos/p-finally/-/p-finally-2.0.1.tgz",
            "integrity": "sha1-vW/KqcVZoJa2gIBvTWV7Pw8kBWE="
        },
        "parse-svg-path": {
            "version": "0.1.2",
            "resolved": "https://repo.dev.wixpress.com/artifactory/api/npm/npm-repos/parse-svg-path/-/parse-svg-path-0.1.2.tgz",
            "integrity": "sha1-en7A0esG+lMlx9PgCbhZoJtdSes="
        },
        "path-key": {
            "version": "3.1.1",
            "resolved": "https://repo.dev.wixpress.com/artifactory/api/npm/npm-repos/path-key/-/path-key-3.1.1.tgz",
            "integrity": "sha1-WB9q3mWMu6ZaDTOA3ndTKVBU83U="
        },
        "prop-types": {
            "version": "15.8.1",
            "resolved": "https://repo.dev.wixpress.com/artifactory/api/npm/npm-repos/prop-types/-/prop-types-15.8.1.tgz",
            "integrity": "sha1-Z9h78aaU9IQ1zzMsJK8QIUoxQLU=",
            "requires": {
                "loose-envify": "^1.4.0",
                "object-assign": "^4.1.1",
                "react-is": "^16.13.1"
            }
        },
        "pump": {
            "version": "3.0.0",
            "resolved": "https://repo.dev.wixpress.com/artifactory/api/npm/npm-repos/pump/-/pump-3.0.0.tgz",
            "integrity": "sha1-tKIRaBW94vTh6mAjVOjHVWUQemQ=",
            "requires": {
                "end-of-stream": "^1.1.0",
                "once": "^1.3.1"
            }
        },
        "punycode": {
            "version": "1.4.1",
            "resolved": "https://repo.dev.wixpress.com/artifactory/api/npm/npm-repos/punycode/-/punycode-1.4.1.tgz",
            "integrity": "sha1-wNWmOycYgArY4esPpSachN1BhF4="
        },
        "querystringify": {
            "version": "2.2.0",
            "resolved": "https://repo.dev.wixpress.com/artifactory/api/npm/npm-repos/querystringify/-/querystringify-2.2.0.tgz",
            "integrity": "sha1-M0WUG0FTy50ILY7uTNogFqmu9/Y="
        },
        "react-freeze": {
            "version": "1.0.0",
            "resolved": "https://repo.dev.wixpress.com/artifactory/api/npm/npm-repos/react-freeze/-/react-freeze-1.0.0.tgz",
            "integrity": "sha1-shxl/heDdDAHyMmilSsciHmnc1Q="
        },
        "react-is": {
            "version": "16.13.1",
            "resolved": "https://repo.dev.wixpress.com/artifactory/api/npm/npm-repos/react-is/-/react-is-16.13.1.tgz",
            "integrity": "sha1-eJcppNw23imZ3BVt1sHZwYzqVqQ="
        },
        "react-native-color": {
            "version": "0.0.10",
            "resolved": "https://repo.dev.wixpress.com/artifactory/api/npm/npm-repos/react-native-color/-/react-native-color-0.0.10.tgz",
            "integrity": "sha1-nLwNoZHGeuT8OgS+97xUpoV4TH0=",
            "requires": {
                "prop-types": "^15.6.0",
                "react-native-slider": "^0.11.0",
                "tinycolor2": "^1.4.1"
            }
        },
        "react-native-redash": {
            "version": "12.6.1",
            "resolved": "https://repo.dev.wixpress.com/artifactory/api/npm/npm-repos/react-native-redash/-/react-native-redash-12.6.1.tgz",
            "integrity": "sha1-JsoSzgHqr8FU/jIrUGxI7xp2GX8=",
            "requires": {
                "abs-svg-path": "^0.1.1",
                "normalize-svg-path": "^1.0.1",
                "parse-svg-path": "^0.1.2",
                "use-memo-one": "^1.1.1"
            }
        },
        "react-native-slider": {
            "version": "0.11.0",
            "resolved": "https://repo.dev.wixpress.com/artifactory/api/npm/npm-repos/react-native-slider/-/react-native-slider-0.11.0.tgz",
            "integrity": "sha1-tooLxDyEIrJM1XlHzFrCvNtY+tw=",
            "requires": {
                "prop-types": "^15.5.6"
            }
        },
        "react-native-text-size": {
            "version": "4.0.0-rc.1",
            "resolved": "https://repo.dev.wixpress.com/artifactory/api/npm/npm-repos/react-native-text-size/-/react-native-text-size-4.0.0-rc.1.tgz",
            "integrity": "sha1-HgSNNF3WpajhJp4FhcGllIxHjaU="
        },
        "react-native-ui-lib": {
            "version": "6.9.0",
            "resolved": "https://repo.dev.wixpress.com/artifactory/api/npm/npm-repos/react-native-ui-lib/-/react-native-ui-lib-6.9.0.tgz",
            "integrity": "sha1-amnN9N0hUI097ldtr/1ofQ5a5LM=",
            "requires": {
                "babel-plugin-transform-inline-environment-variables": "^0.0.2",
                "color": "^3.1.0",
                "commons-validator-js": "^1.0.237",
                "hoist-non-react-statics": "^3.0.0",
                "lodash": "^4.0.0",
                "memoize-one": "^5.0.5",
                "moment": "^2.24.0",
                "prop-types": "^15.5.10",
                "react-freeze": "^1.0.0",
                "react-native-color": "0.0.10",
                "react-native-redash": "^12.0.3",
                "react-native-text-size": "4.0.0-rc.1",
                "semver": "^5.5.0",
                "url-parse": "^1.2.0"
            }
        },
        "requires-port": {
            "version": "1.0.0",
            "resolved": "https://repo.dev.wixpress.com/artifactory/api/npm/npm-repos/requires-port/-/requires-port-1.0.0.tgz",
            "integrity": "sha1-kl0mAdOaxIXgkc8NpcbmlNw9yv8="
        },
        "semver": {
            "version": "5.7.1",
            "resolved": "https://repo.dev.wixpress.com/artifactory/api/npm/npm-repos/semver/-/semver-5.7.1.tgz",
            "integrity": "sha1-qVT5Ma66UI0we78Gnv8MAclhFvc="
        },
        "shebang-command": {
            "version": "2.0.0",
            "resolved": "https://repo.dev.wixpress.com/artifactory/api/npm/npm-repos/shebang-command/-/shebang-command-2.0.0.tgz",
            "integrity": "sha1-zNCvT4g1+9wmW4JGGq8MNmY/NOo=",
            "requires": {
                "shebang-regex": "^3.0.0"
            }
        },
        "shebang-regex": {
            "version": "3.0.0",
            "resolved": "https://repo.dev.wixpress.com/artifactory/api/npm/npm-repos/shebang-regex/-/shebang-regex-3.0.0.tgz",
            "integrity": "sha1-rhbxZE2HPsrYQ7AwexQzYtTEIXI="
        },
        "signal-exit": {
            "version": "3.0.7",
            "resolved": "https://repo.dev.wixpress.com/artifactory/api/npm/npm-repos/signal-exit/-/signal-exit-3.0.7.tgz",
            "integrity": "sha1-qaF2f4r4QVURTqq9c/mSc8j1mtk="
        },
        "simple-swizzle": {
            "version": "0.2.2",
            "resolved": "https://repo.dev.wixpress.com/artifactory/api/npm/npm-repos/simple-swizzle/-/simple-swizzle-0.2.2.tgz",
            "integrity": "sha1-pNprY1/8zMoz9w0Xy5JZLeleVXo=",
            "requires": {
                "is-arrayish": "^0.3.1"
            }
        },
        "strip-final-newline": {
            "version": "2.0.0",
            "resolved": "https://repo.dev.wixpress.com/artifactory/api/npm/npm-repos/strip-final-newline/-/strip-final-newline-2.0.0.tgz",
            "integrity": "sha1-ibhS+y/L6Tb29LMYevsKEsGrWK0="
        },
        "svg-arc-to-cubic-bezier": {
            "version": "3.2.0",
            "resolved": "https://repo.dev.wixpress.com/artifactory/api/npm/npm-repos/svg-arc-to-cubic-bezier/-/svg-arc-to-cubic-bezier-3.2.0.tgz",
            "integrity": "sha1-OQxFADWuHEoBBNkGUDBMO8gUq+Y="
        },
        "test-value": {
            "version": "2.1.0",
            "resolved": "https://repo.dev.wixpress.com/artifactory/api/npm/npm-repos/test-value/-/test-value-2.1.0.tgz",
            "integrity": "sha1-Edpv9nDzRxpztiXKTz/c97t0gpE=",
            "requires": {
                "array-back": "^1.0.3",
                "typical": "^2.6.0"
            }
        },
        "tinycolor2": {
            "version": "1.4.2",
            "resolved": "https://repo.dev.wixpress.com/artifactory/api/npm/npm-repos/tinycolor2/-/tinycolor2-1.4.2.tgz",
            "integrity": "sha1-P2pNEHGtB2dtf6Ry4frECnGdiAM="
        },
        "tmp": {
            "version": "0.0.33",
            "resolved": "https://repo.dev.wixpress.com/artifactory/api/npm/npm-repos/tmp/-/tmp-0.0.33.tgz",
            "integrity": "sha1-bTQzWIl2jSGyvNoKonfO07G/rfk=",
            "requires": {
                "os-tmpdir": "~1.0.2"
            }
        },
        "typical": {
            "version": "2.6.1",
            "resolved": "https://repo.dev.wixpress.com/artifactory/api/npm/npm-repos/typical/-/typical-2.6.1.tgz",
            "integrity": "sha1-XAgOXWYcu+OCWdLnCjxyU+hziB0="
        },
        "universalify": {
            "version": "0.1.2",
            "resolved": "https://repo.dev.wixpress.com/artifactory/api/npm/npm-repos/universalify/-/universalify-0.1.2.tgz",
            "integrity": "sha1-tkb2m+OULavOzJ1mOcgNwQXvqmY="
        },
        "url-parse": {
            "version": "1.5.4",
            "resolved": "https://repo.dev.wixpress.com/artifactory/api/npm/npm-repos/url-parse/-/url-parse-1.5.4.tgz",
            "integrity": "sha1-5PZFp+KghSzIpmsUspKj6aEal/0=",
            "requires": {
                "querystringify": "^2.1.1",
                "requires-port": "^1.0.0"
            }
        },
        "use-memo-one": {
            "version": "1.1.2",
            "resolved": "https://repo.dev.wixpress.com/artifactory/api/npm/npm-repos/use-memo-one/-/use-memo-one-1.1.2.tgz",
            "integrity": "sha1-DIIDoyn3bgQAR6NaEZfe/jQvqyA="
        },
        "which": {
            "version": "2.0.2",
            "resolved": "https://repo.dev.wixpress.com/artifactory/api/npm/npm-repos/which/-/which-2.0.2.tgz",
            "integrity": "sha1-fGqN0KY2oDJ+ELWckobu6T8/UbE=",
            "requires": {
                "isexe": "^2.0.0"
            }
        },
        "wnpm-ci": {
            "version": "8.0.131",
            "resolved": "https://repo.dev.wixpress.com/artifactory/api/npm/npm-repos/wnpm-ci/-/wnpm-ci-8.0.131.tgz",
            "integrity": "sha1-BkVfWLoTtrUpQgkdSWcs/cJlFAs=",
            "requires": {
                "execa": "^2.0.3",
                "fs-extra": "^8.1.0",
                "mkdirp": "^0.5.1",
                "semver": "^5.2.0",
                "tmp": "^0.0.33"
            }
        },
        "wrappy": {
            "version": "1.0.2",
            "resolved": "https://repo.dev.wixpress.com/artifactory/api/npm/npm-repos/wrappy/-/wrappy-1.0.2.tgz",
            "integrity": "sha1-tSQ9jz7BqjXxNkYFvA0QNuMKtp8="
        }
    }
}
